// !$*UTF8*$!
{
	archiveVersion = 1;
	classes = {
	};
	objectVersion = 50;
	objects = {

/* Begin PBXBuildFile section */
		02E895B1B4668619758DDC27 /* Pods_Vision.framework in Frameworks */ = {isa = PBXBuildFile; fileRef = 26E39A2323A4E0A9E3D2ED1B /* Pods_Vision.framework */; };
		2B5CA88E20C9C47800712E87 /* FormSymbols.swift in Sources */ = {isa = PBXBuildFile; fileRef = 2B5CA88D20C9C47800712E87 /* FormSymbols.swift */; };
		2B5CA89020C9DD6C00712E87 /* TextTableViewCell.swift in Sources */ = {isa = PBXBuildFile; fileRef = 2B5CA88F20C9DD6C00712E87 /* TextTableViewCell.swift */; };
		2B5CA89920CB145B00712E87 /* XVSField.swift in Sources */ = {isa = PBXBuildFile; fileRef = 2B5CA89820CB145B00712E87 /* XVSField.swift */; };
		2B5CA89B20CB147700712E87 /* XVSFieldType.swift in Sources */ = {isa = PBXBuildFile; fileRef = 2B5CA89A20CB147700712E87 /* XVSFieldType.swift */; };
		2B5CA89D20CB14DA00712E87 /* XVSSection.swift in Sources */ = {isa = PBXBuildFile; fileRef = 2B5CA89C20CB14DA00712E87 /* XVSSection.swift */; };
		2B5CA89F20CB214200712E87 /* ActionTableViewCell.swift in Sources */ = {isa = PBXBuildFile; fileRef = 2B5CA89E20CB214200712E87 /* ActionTableViewCell.swift */; };
		2C3E5A64D584300D4407A051 /* Pods_VisionTests.framework in Frameworks */ = {isa = PBXBuildFile; fileRef = 9812FE643093154D75C366C9 /* Pods_VisionTests.framework */; };
		9D64A33720D57271001F99C3 /* UIKit.framework in Frameworks */ = {isa = PBXBuildFile; fileRef = 9D64A33620D57271001F99C3 /* UIKit.framework */; };
		9D64A34120D5BE7C001F99C3 /* FieldCellDelegate.swift in Sources */ = {isa = PBXBuildFile; fileRef = 9D64A34020D5BE7C001F99C3 /* FieldCellDelegate.swift */; };
		9DF5AF4920C84AA3001AD9B7 /* XVision.framework in Frameworks */ = {isa = PBXBuildFile; fileRef = 9DF5AF3F20C84AA3001AD9B7 /* XVision.framework */; };
		9DF5AF4E20C84AA3001AD9B7 /* VisionTests.swift in Sources */ = {isa = PBXBuildFile; fileRef = 9DF5AF4D20C84AA3001AD9B7 /* VisionTests.swift */; };
		9DF5AF5020C84AA4001AD9B7 /* Vision.h in Headers */ = {isa = PBXBuildFile; fileRef = 9DF5AF4220C84AA3001AD9B7 /* Vision.h */; settings = {ATTRIBUTES = (Public, ); }; };
		9DF5AF8920C8524B001AD9B7 /* DarkTouchTweaker.swift in Sources */ = {isa = PBXBuildFile; fileRef = 9DF5AF8820C8524B001AD9B7 /* DarkTouchTweaker.swift */; };
		9DF5AF8B20C8534B001AD9B7 /* UIViewController+Alerts.swift in Sources */ = {isa = PBXBuildFile; fileRef = 9DF5AF8A20C8534B001AD9B7 /* UIViewController+Alerts.swift */; };
		9DF5AF8D20C8542B001AD9B7 /* Aliases.swift in Sources */ = {isa = PBXBuildFile; fileRef = 9DF5AF8C20C8542B001AD9B7 /* Aliases.swift */; };
		9DF5AF8F20C875FF001AD9B7 /* FormViewController.storyboard in Resources */ = {isa = PBXBuildFile; fileRef = 9DF5AF8E20C875FF001AD9B7 /* FormViewController.storyboard */; };
		9DF5AF9120C8777D001AD9B7 /* XVSFormViewController.swift in Sources */ = {isa = PBXBuildFile; fileRef = 9DF5AF9020C8777D001AD9B7 /* XVSFormViewController.swift */; };
		9DF5AF9320C87A5F001AD9B7 /* Constants.swift in Sources */ = {isa = PBXBuildFile; fileRef = 9DF5AF9220C87A5F001AD9B7 /* Constants.swift */; };
/* End PBXBuildFile section */

/* Begin PBXContainerItemProxy section */
		9DF5AF4A20C84AA3001AD9B7 /* PBXContainerItemProxy */ = {
			isa = PBXContainerItemProxy;
			containerPortal = 9DF5AF3620C84AA3001AD9B7 /* Project object */;
			proxyType = 1;
			remoteGlobalIDString = 9DF5AF3E20C84AA3001AD9B7;
			remoteInfo = Vision;
		};
/* End PBXContainerItemProxy section */

/* Begin PBXFileReference section */
		06CEAEC95D91A0141E14BC9D /* Pods-Vision.release.xcconfig */ = {isa = PBXFileReference; includeInIndex = 1; lastKnownFileType = text.xcconfig; name = "Pods-Vision.release.xcconfig"; path = "Pods/Target Support Files/Pods-Vision/Pods-Vision.release.xcconfig"; sourceTree = "<group>"; };
		26E39A2323A4E0A9E3D2ED1B /* Pods_Vision.framework */ = {isa = PBXFileReference; explicitFileType = wrapper.framework; includeInIndex = 0; path = Pods_Vision.framework; sourceTree = BUILT_PRODUCTS_DIR; };
		2B5CA88D20C9C47800712E87 /* FormSymbols.swift */ = {isa = PBXFileReference; lastKnownFileType = sourcecode.swift; path = FormSymbols.swift; sourceTree = "<group>"; };
		2B5CA88F20C9DD6C00712E87 /* TextTableViewCell.swift */ = {isa = PBXFileReference; lastKnownFileType = sourcecode.swift; path = TextTableViewCell.swift; sourceTree = "<group>"; };
		2B5CA89820CB145B00712E87 /* XVSField.swift */ = {isa = PBXFileReference; lastKnownFileType = sourcecode.swift; path = XVSField.swift; sourceTree = "<group>"; };
		2B5CA89A20CB147700712E87 /* XVSFieldType.swift */ = {isa = PBXFileReference; lastKnownFileType = sourcecode.swift; path = XVSFieldType.swift; sourceTree = "<group>"; };
		2B5CA89C20CB14DA00712E87 /* XVSSection.swift */ = {isa = PBXFileReference; lastKnownFileType = sourcecode.swift; path = XVSSection.swift; sourceTree = "<group>"; };
		2B5CA89E20CB214200712E87 /* ActionTableViewCell.swift */ = {isa = PBXFileReference; lastKnownFileType = sourcecode.swift; path = ActionTableViewCell.swift; sourceTree = "<group>"; };
		7A8DDAE45AB7EF7BA3EC775B /* Pods-VisionTests.release.xcconfig */ = {isa = PBXFileReference; includeInIndex = 1; lastKnownFileType = text.xcconfig; name = "Pods-VisionTests.release.xcconfig"; path = "Pods/Target Support Files/Pods-VisionTests/Pods-VisionTests.release.xcconfig"; sourceTree = "<group>"; };
		9812FE643093154D75C366C9 /* Pods_VisionTests.framework */ = {isa = PBXFileReference; explicitFileType = wrapper.framework; includeInIndex = 0; path = Pods_VisionTests.framework; sourceTree = BUILT_PRODUCTS_DIR; };
		9D64A33620D57271001F99C3 /* UIKit.framework */ = {isa = PBXFileReference; lastKnownFileType = wrapper.framework; name = UIKit.framework; path = System/Library/Frameworks/UIKit.framework; sourceTree = SDKROOT; };
		9D64A34020D5BE7C001F99C3 /* FieldCellDelegate.swift */ = {isa = PBXFileReference; lastKnownFileType = sourcecode.swift; path = FieldCellDelegate.swift; sourceTree = "<group>"; };
		9DF5AF3F20C84AA3001AD9B7 /* XVision.framework */ = {isa = PBXFileReference; explicitFileType = wrapper.framework; includeInIndex = 0; path = XVision.framework; sourceTree = BUILT_PRODUCTS_DIR; };
		9DF5AF4220C84AA3001AD9B7 /* Vision.h */ = {isa = PBXFileReference; lastKnownFileType = sourcecode.c.h; path = Vision.h; sourceTree = "<group>"; };
		9DF5AF4320C84AA3001AD9B7 /* Info.plist */ = {isa = PBXFileReference; lastKnownFileType = text.plist.xml; path = Info.plist; sourceTree = "<group>"; };
		9DF5AF4820C84AA3001AD9B7 /* XVisionTests.xctest */ = {isa = PBXFileReference; explicitFileType = wrapper.cfbundle; includeInIndex = 0; path = XVisionTests.xctest; sourceTree = BUILT_PRODUCTS_DIR; };
		9DF5AF4D20C84AA3001AD9B7 /* VisionTests.swift */ = {isa = PBXFileReference; lastKnownFileType = sourcecode.swift; path = VisionTests.swift; sourceTree = "<group>"; };
		9DF5AF4F20C84AA3001AD9B7 /* Info.plist */ = {isa = PBXFileReference; lastKnownFileType = text.plist.xml; path = Info.plist; sourceTree = "<group>"; };
		9DF5AF8820C8524B001AD9B7 /* DarkTouchTweaker.swift */ = {isa = PBXFileReference; lastKnownFileType = sourcecode.swift; path = DarkTouchTweaker.swift; sourceTree = "<group>"; };
		9DF5AF8A20C8534B001AD9B7 /* UIViewController+Alerts.swift */ = {isa = PBXFileReference; lastKnownFileType = sourcecode.swift; path = "UIViewController+Alerts.swift"; sourceTree = "<group>"; };
		9DF5AF8C20C8542B001AD9B7 /* Aliases.swift */ = {isa = PBXFileReference; lastKnownFileType = sourcecode.swift; path = Aliases.swift; sourceTree = "<group>"; };
		9DF5AF8E20C875FF001AD9B7 /* FormViewController.storyboard */ = {isa = PBXFileReference; lastKnownFileType = file.storyboard; path = FormViewController.storyboard; sourceTree = "<group>"; };
		9DF5AF9020C8777D001AD9B7 /* XVSFormViewController.swift */ = {isa = PBXFileReference; lastKnownFileType = sourcecode.swift; path = XVSFormViewController.swift; sourceTree = "<group>"; };
		9DF5AF9220C87A5F001AD9B7 /* Constants.swift */ = {isa = PBXFileReference; lastKnownFileType = sourcecode.swift; path = Constants.swift; sourceTree = "<group>"; };
		AC83D2E66C39584A7489A039 /* Pods-VisionTests.debug.xcconfig */ = {isa = PBXFileReference; includeInIndex = 1; lastKnownFileType = text.xcconfig; name = "Pods-VisionTests.debug.xcconfig"; path = "Pods/Target Support Files/Pods-VisionTests/Pods-VisionTests.debug.xcconfig"; sourceTree = "<group>"; };
		EF931678164705D965DE3AB0 /* Pods-Vision.debug.xcconfig */ = {isa = PBXFileReference; includeInIndex = 1; lastKnownFileType = text.xcconfig; name = "Pods-Vision.debug.xcconfig"; path = "Pods/Target Support Files/Pods-Vision/Pods-Vision.debug.xcconfig"; sourceTree = "<group>"; };
/* End PBXFileReference section */

/* Begin PBXFrameworksBuildPhase section */
		9DF5AF3B20C84AA3001AD9B7 /* Frameworks */ = {
			isa = PBXFrameworksBuildPhase;
			buildActionMask = 2147483647;
			files = (
				9D64A33720D57271001F99C3 /* UIKit.framework in Frameworks */,
				02E895B1B4668619758DDC27 /* Pods_Vision.framework in Frameworks */,
			);
			runOnlyForDeploymentPostprocessing = 0;
		};
		9DF5AF4520C84AA3001AD9B7 /* Frameworks */ = {
			isa = PBXFrameworksBuildPhase;
			buildActionMask = 2147483647;
			files = (
				9DF5AF4920C84AA3001AD9B7 /* XVision.framework in Frameworks */,
				2C3E5A64D584300D4407A051 /* Pods_VisionTests.framework in Frameworks */,
			);
			runOnlyForDeploymentPostprocessing = 0;
		};
/* End PBXFrameworksBuildPhase section */

/* Begin PBXGroup section */
		2B5CA88C20C9C3A900712E87 /* FormViewController */ = {
			isa = PBXGroup;
			children = (
				9DF5AF8E20C875FF001AD9B7 /* FormViewController.storyboard */,
				9DF5AF9020C8777D001AD9B7 /* XVSFormViewController.swift */,
				2B5CA89C20CB14DA00712E87 /* XVSSection.swift */,
				2B5CA89820CB145B00712E87 /* XVSField.swift */,
				2B5CA89A20CB147700712E87 /* XVSFieldType.swift */,
				2B5CA88D20C9C47800712E87 /* FormSymbols.swift */,
				9D64A34020D5BE7C001F99C3 /* FieldCellDelegate.swift */,
				2B5CA88F20C9DD6C00712E87 /* TextTableViewCell.swift */,
				2B5CA89E20CB214200712E87 /* ActionTableViewCell.swift */,
			);
			path = FormViewController;
			sourceTree = "<group>";
		};
		65DD6242893597C9A44DD846 /* Frameworks */ = {
			isa = PBXGroup;
			children = (
				9D64A33620D57271001F99C3 /* UIKit.framework */,
				26E39A2323A4E0A9E3D2ED1B /* Pods_Vision.framework */,
				9812FE643093154D75C366C9 /* Pods_VisionTests.framework */,
			);
			name = Frameworks;
			sourceTree = "<group>";
		};
		9DF5AF3520C84AA3001AD9B7 = {
			isa = PBXGroup;
			children = (
				9DF5AF4120C84AA3001AD9B7 /* Vision */,
				9DF5AF4C20C84AA3001AD9B7 /* VisionTests */,
				9DF5AF4020C84AA3001AD9B7 /* Products */,
				DA81C2DF7FFDC8A958C248E4 /* Pods */,
				65DD6242893597C9A44DD846 /* Frameworks */,
			);
			sourceTree = "<group>";
		};
		9DF5AF4020C84AA3001AD9B7 /* Products */ = {
			isa = PBXGroup;
			children = (
				9DF5AF3F20C84AA3001AD9B7 /* XVision.framework */,
				9DF5AF4820C84AA3001AD9B7 /* XVisionTests.xctest */,
			);
			name = Products;
			sourceTree = "<group>";
		};
		9DF5AF4120C84AA3001AD9B7 /* Vision */ = {
			isa = PBXGroup;
			children = (
				9DF5AF8C20C8542B001AD9B7 /* Aliases.swift */,
				9DF5AF9220C87A5F001AD9B7 /* Constants.swift */,
				9DF5AF4220C84AA3001AD9B7 /* Vision.h */,
				9DF5AF4320C84AA3001AD9B7 /* Info.plist */,
				9DF5AF8520C850D4001AD9B7 /* Extensions */,
				9DF5AF8620C850E0001AD9B7 /* Tweakers */,
				9DF5AF8720C85142001AD9B7 /* Components */,
			);
			path = Vision;
			sourceTree = "<group>";
		};
		9DF5AF4C20C84AA3001AD9B7 /* VisionTests */ = {
			isa = PBXGroup;
			children = (
				9DF5AF4D20C84AA3001AD9B7 /* VisionTests.swift */,
				9DF5AF4F20C84AA3001AD9B7 /* Info.plist */,
			);
			path = VisionTests;
			sourceTree = "<group>";
		};
		9DF5AF8520C850D4001AD9B7 /* Extensions */ = {
			isa = PBXGroup;
			children = (
				9DF5AF8A20C8534B001AD9B7 /* UIViewController+Alerts.swift */,
			);
			path = Extensions;
			sourceTree = "<group>";
		};
		9DF5AF8620C850E0001AD9B7 /* Tweakers */ = {
			isa = PBXGroup;
			children = (
				9DF5AF8820C8524B001AD9B7 /* DarkTouchTweaker.swift */,
			);
			path = Tweakers;
			sourceTree = "<group>";
		};
		9DF5AF8720C85142001AD9B7 /* Components */ = {
			isa = PBXGroup;
			children = (
				2B5CA88C20C9C3A900712E87 /* FormViewController */,
			);
			path = Components;
			sourceTree = "<group>";
		};
		DA81C2DF7FFDC8A958C248E4 /* Pods */ = {
			isa = PBXGroup;
			children = (
				EF931678164705D965DE3AB0 /* Pods-Vision.debug.xcconfig */,
				06CEAEC95D91A0141E14BC9D /* Pods-Vision.release.xcconfig */,
				AC83D2E66C39584A7489A039 /* Pods-VisionTests.debug.xcconfig */,
				7A8DDAE45AB7EF7BA3EC775B /* Pods-VisionTests.release.xcconfig */,
			);
			name = Pods;
			sourceTree = "<group>";
		};
/* End PBXGroup section */

/* Begin PBXHeadersBuildPhase section */
		9DF5AF3C20C84AA3001AD9B7 /* Headers */ = {
			isa = PBXHeadersBuildPhase;
			buildActionMask = 2147483647;
			files = (
				9DF5AF5020C84AA4001AD9B7 /* Vision.h in Headers */,
			);
			runOnlyForDeploymentPostprocessing = 0;
		};
/* End PBXHeadersBuildPhase section */

/* Begin PBXNativeTarget section */
		9DF5AF3E20C84AA3001AD9B7 /* XVision */ = {
			isa = PBXNativeTarget;
			buildConfigurationList = 9DF5AF5320C84AA4001AD9B7 /* Build configuration list for PBXNativeTarget "XVision" */;
			buildPhases = (
				797BC420FEE889CC1275C7AF /* [CP] Check Pods Manifest.lock */,
				9DF5AF3A20C84AA3001AD9B7 /* Sources */,
				9DF5AF3B20C84AA3001AD9B7 /* Frameworks */,
				9DF5AF3C20C84AA3001AD9B7 /* Headers */,
				9DF5AF3D20C84AA3001AD9B7 /* Resources */,
			);
			buildRules = (
			);
			dependencies = (
			);
			name = XVision;
			productName = Vision;
			productReference = 9DF5AF3F20C84AA3001AD9B7 /* XVision.framework */;
			productType = "com.apple.product-type.framework";
		};
		9DF5AF4720C84AA3001AD9B7 /* XVisionTests */ = {
			isa = PBXNativeTarget;
			buildConfigurationList = 9DF5AF5620C84AA4001AD9B7 /* Build configuration list for PBXNativeTarget "XVisionTests" */;
			buildPhases = (
				0CCF73304911C8C53DDF391D /* [CP] Check Pods Manifest.lock */,
				9DF5AF4420C84AA3001AD9B7 /* Sources */,
				9DF5AF4520C84AA3001AD9B7 /* Frameworks */,
				9DF5AF4620C84AA3001AD9B7 /* Resources */,
			);
			buildRules = (
			);
			dependencies = (
				9DF5AF4B20C84AA3001AD9B7 /* PBXTargetDependency */,
			);
			name = XVisionTests;
			productName = VisionTests;
			productReference = 9DF5AF4820C84AA3001AD9B7 /* XVisionTests.xctest */;
			productType = "com.apple.product-type.bundle.unit-test";
		};
/* End PBXNativeTarget section */

/* Begin PBXProject section */
		9DF5AF3620C84AA3001AD9B7 /* Project object */ = {
			isa = PBXProject;
			attributes = {
				LastSwiftUpdateCheck = 0930;
				LastUpgradeCheck = 0930;
				ORGANIZATIONNAME = "Sergio Lozano García";
				TargetAttributes = {
					9DF5AF3E20C84AA3001AD9B7 = {
						CreatedOnToolsVersion = 9.3;
						LastSwiftMigration = 0930;
					};
					9DF5AF4720C84AA3001AD9B7 = {
						CreatedOnToolsVersion = 9.3;
					};
				};
			};
			buildConfigurationList = 9DF5AF3920C84AA3001AD9B7 /* Build configuration list for PBXProject "XVision" */;
			compatibilityVersion = "Xcode 9.3";
			developmentRegion = en;
			hasScannedForEncodings = 0;
			knownRegions = (
				en,
			);
			mainGroup = 9DF5AF3520C84AA3001AD9B7;
			productRefGroup = 9DF5AF4020C84AA3001AD9B7 /* Products */;
			projectDirPath = "";
			projectRoot = "";
			targets = (
				9DF5AF3E20C84AA3001AD9B7 /* XVision */,
				9DF5AF4720C84AA3001AD9B7 /* XVisionTests */,
			);
		};
/* End PBXProject section */

/* Begin PBXResourcesBuildPhase section */
		9DF5AF3D20C84AA3001AD9B7 /* Resources */ = {
			isa = PBXResourcesBuildPhase;
			buildActionMask = 2147483647;
			files = (
				9DF5AF8F20C875FF001AD9B7 /* FormViewController.storyboard in Resources */,
			);
			runOnlyForDeploymentPostprocessing = 0;
		};
		9DF5AF4620C84AA3001AD9B7 /* Resources */ = {
			isa = PBXResourcesBuildPhase;
			buildActionMask = 2147483647;
			files = (
			);
			runOnlyForDeploymentPostprocessing = 0;
		};
/* End PBXResourcesBuildPhase section */

/* Begin PBXShellScriptBuildPhase section */
		0CCF73304911C8C53DDF391D /* [CP] Check Pods Manifest.lock */ = {
			isa = PBXShellScriptBuildPhase;
			buildActionMask = 2147483647;
			files = (
			);
			inputPaths = (
				"${PODS_PODFILE_DIR_PATH}/Podfile.lock",
				"${PODS_ROOT}/Manifest.lock",
			);
			name = "[CP] Check Pods Manifest.lock";
			outputPaths = (
				"$(DERIVED_FILE_DIR)/Pods-VisionTests-checkManifestLockResult.txt",
			);
			runOnlyForDeploymentPostprocessing = 0;
			shellPath = /bin/sh;
			shellScript = "diff \"${PODS_PODFILE_DIR_PATH}/Podfile.lock\" \"${PODS_ROOT}/Manifest.lock\" > /dev/null\nif [ $? != 0 ] ; then\n    # print error to STDERR\n    echo \"error: The sandbox is not in sync with the Podfile.lock. Run 'pod install' or update your CocoaPods installation.\" >&2\n    exit 1\nfi\n# This output is used by Xcode 'outputs' to avoid re-running this script phase.\necho \"SUCCESS\" > \"${SCRIPT_OUTPUT_FILE_0}\"\n";
			showEnvVarsInLog = 0;
		};
		797BC420FEE889CC1275C7AF /* [CP] Check Pods Manifest.lock */ = {
			isa = PBXShellScriptBuildPhase;
			buildActionMask = 2147483647;
			files = (
			);
			inputPaths = (
				"${PODS_PODFILE_DIR_PATH}/Podfile.lock",
				"${PODS_ROOT}/Manifest.lock",
			);
			name = "[CP] Check Pods Manifest.lock";
			outputPaths = (
				"$(DERIVED_FILE_DIR)/Pods-Vision-checkManifestLockResult.txt",
			);
			runOnlyForDeploymentPostprocessing = 0;
			shellPath = /bin/sh;
			shellScript = "diff \"${PODS_PODFILE_DIR_PATH}/Podfile.lock\" \"${PODS_ROOT}/Manifest.lock\" > /dev/null\nif [ $? != 0 ] ; then\n    # print error to STDERR\n    echo \"error: The sandbox is not in sync with the Podfile.lock. Run 'pod install' or update your CocoaPods installation.\" >&2\n    exit 1\nfi\n# This output is used by Xcode 'outputs' to avoid re-running this script phase.\necho \"SUCCESS\" > \"${SCRIPT_OUTPUT_FILE_0}\"\n";
			showEnvVarsInLog = 0;
		};
/* End PBXShellScriptBuildPhase section */

/* Begin PBXSourcesBuildPhase section */
		9DF5AF3A20C84AA3001AD9B7 /* Sources */ = {
			isa = PBXSourcesBuildPhase;
			buildActionMask = 2147483647;
			files = (
				9DF5AF8B20C8534B001AD9B7 /* UIViewController+Alerts.swift in Sources */,
				9D64A34120D5BE7C001F99C3 /* FieldCellDelegate.swift in Sources */,
				2B5CA89020C9DD6C00712E87 /* TextTableViewCell.swift in Sources */,
				2B5CA89920CB145B00712E87 /* XVSField.swift in Sources */,
				9DF5AF8920C8524B001AD9B7 /* DarkTouchTweaker.swift in Sources */,
				9DF5AF9320C87A5F001AD9B7 /* Constants.swift in Sources */,
				2B5CA89D20CB14DA00712E87 /* XVSSection.swift in Sources */,
				2B5CA88E20C9C47800712E87 /* FormSymbols.swift in Sources */,
				9DF5AF9120C8777D001AD9B7 /* XVSFormViewController.swift in Sources */,
				9DF5AF8D20C8542B001AD9B7 /* Aliases.swift in Sources */,
				2B5CA89F20CB214200712E87 /* ActionTableViewCell.swift in Sources */,
				2B5CA89B20CB147700712E87 /* XVSFieldType.swift in Sources */,
			);
			runOnlyForDeploymentPostprocessing = 0;
		};
		9DF5AF4420C84AA3001AD9B7 /* Sources */ = {
			isa = PBXSourcesBuildPhase;
			buildActionMask = 2147483647;
			files = (
				9DF5AF4E20C84AA3001AD9B7 /* VisionTests.swift in Sources */,
			);
			runOnlyForDeploymentPostprocessing = 0;
		};
/* End PBXSourcesBuildPhase section */

/* Begin PBXTargetDependency section */
		9DF5AF4B20C84AA3001AD9B7 /* PBXTargetDependency */ = {
			isa = PBXTargetDependency;
			target = 9DF5AF3E20C84AA3001AD9B7 /* XVision */;
			targetProxy = 9DF5AF4A20C84AA3001AD9B7 /* PBXContainerItemProxy */;
		};
/* End PBXTargetDependency section */

/* Begin XCBuildConfiguration section */
		9DF5AF5120C84AA4001AD9B7 /* Debug */ = {
			isa = XCBuildConfiguration;
			buildSettings = {
				ALWAYS_SEARCH_USER_PATHS = NO;
				CLANG_ANALYZER_NONNULL = YES;
				CLANG_ANALYZER_NUMBER_OBJECT_CONVERSION = YES_AGGRESSIVE;
				CLANG_CXX_LANGUAGE_STANDARD = "gnu++14";
				CLANG_CXX_LIBRARY = "libc++";
				CLANG_ENABLE_MODULES = YES;
				CLANG_ENABLE_OBJC_ARC = YES;
				CLANG_ENABLE_OBJC_WEAK = YES;
				CLANG_WARN_BLOCK_CAPTURE_AUTORELEASING = YES;
				CLANG_WARN_BOOL_CONVERSION = YES;
				CLANG_WARN_COMMA = YES;
				CLANG_WARN_CONSTANT_CONVERSION = YES;
				CLANG_WARN_DEPRECATED_OBJC_IMPLEMENTATIONS = YES;
				CLANG_WARN_DIRECT_OBJC_ISA_USAGE = YES_ERROR;
				CLANG_WARN_DOCUMENTATION_COMMENTS = YES;
				CLANG_WARN_EMPTY_BODY = YES;
				CLANG_WARN_ENUM_CONVERSION = YES;
				CLANG_WARN_INFINITE_RECURSION = YES;
				CLANG_WARN_INT_CONVERSION = YES;
				CLANG_WARN_NON_LITERAL_NULL_CONVERSION = YES;
				CLANG_WARN_OBJC_IMPLICIT_RETAIN_SELF = YES;
				CLANG_WARN_OBJC_LITERAL_CONVERSION = YES;
				CLANG_WARN_OBJC_ROOT_CLASS = YES_ERROR;
				CLANG_WARN_RANGE_LOOP_ANALYSIS = YES;
				CLANG_WARN_STRICT_PROTOTYPES = YES;
				CLANG_WARN_SUSPICIOUS_MOVE = YES;
				CLANG_WARN_UNGUARDED_AVAILABILITY = YES_AGGRESSIVE;
				CLANG_WARN_UNREACHABLE_CODE = YES;
				CLANG_WARN__DUPLICATE_METHOD_MATCH = YES;
				CODE_SIGN_IDENTITY = "iPhone Developer";
				COPY_PHASE_STRIP = NO;
				CURRENT_PROJECT_VERSION = 1;
				DEBUG_INFORMATION_FORMAT = dwarf;
				ENABLE_STRICT_OBJC_MSGSEND = YES;
				ENABLE_TESTABILITY = YES;
				GCC_C_LANGUAGE_STANDARD = gnu11;
				GCC_DYNAMIC_NO_PIC = NO;
				GCC_NO_COMMON_BLOCKS = YES;
				GCC_OPTIMIZATION_LEVEL = 0;
				GCC_PREPROCESSOR_DEFINITIONS = (
					"DEBUG=1",
					"$(inherited)",
				);
				GCC_WARN_64_TO_32_BIT_CONVERSION = YES;
				GCC_WARN_ABOUT_RETURN_TYPE = YES_ERROR;
				GCC_WARN_UNDECLARED_SELECTOR = YES;
				GCC_WARN_UNINITIALIZED_AUTOS = YES_AGGRESSIVE;
				GCC_WARN_UNUSED_FUNCTION = YES;
				GCC_WARN_UNUSED_VARIABLE = YES;
				IPHONEOS_DEPLOYMENT_TARGET = 11.3;
				MTL_ENABLE_DEBUG_INFO = YES;
				ONLY_ACTIVE_ARCH = YES;
				SDKROOT = iphoneos;
				SWIFT_ACTIVE_COMPILATION_CONDITIONS = DEBUG;
				SWIFT_OPTIMIZATION_LEVEL = "-Onone";
				VERSIONING_SYSTEM = "apple-generic";
				VERSION_INFO_PREFIX = "";
			};
			name = Debug;
		};
		9DF5AF5220C84AA4001AD9B7 /* Release */ = {
			isa = XCBuildConfiguration;
			buildSettings = {
				ALWAYS_SEARCH_USER_PATHS = NO;
				CLANG_ANALYZER_NONNULL = YES;
				CLANG_ANALYZER_NUMBER_OBJECT_CONVERSION = YES_AGGRESSIVE;
				CLANG_CXX_LANGUAGE_STANDARD = "gnu++14";
				CLANG_CXX_LIBRARY = "libc++";
				CLANG_ENABLE_MODULES = YES;
				CLANG_ENABLE_OBJC_ARC = YES;
				CLANG_ENABLE_OBJC_WEAK = YES;
				CLANG_WARN_BLOCK_CAPTURE_AUTORELEASING = YES;
				CLANG_WARN_BOOL_CONVERSION = YES;
				CLANG_WARN_COMMA = YES;
				CLANG_WARN_CONSTANT_CONVERSION = YES;
				CLANG_WARN_DEPRECATED_OBJC_IMPLEMENTATIONS = YES;
				CLANG_WARN_DIRECT_OBJC_ISA_USAGE = YES_ERROR;
				CLANG_WARN_DOCUMENTATION_COMMENTS = YES;
				CLANG_WARN_EMPTY_BODY = YES;
				CLANG_WARN_ENUM_CONVERSION = YES;
				CLANG_WARN_INFINITE_RECURSION = YES;
				CLANG_WARN_INT_CONVERSION = YES;
				CLANG_WARN_NON_LITERAL_NULL_CONVERSION = YES;
				CLANG_WARN_OBJC_IMPLICIT_RETAIN_SELF = YES;
				CLANG_WARN_OBJC_LITERAL_CONVERSION = YES;
				CLANG_WARN_OBJC_ROOT_CLASS = YES_ERROR;
				CLANG_WARN_RANGE_LOOP_ANALYSIS = YES;
				CLANG_WARN_STRICT_PROTOTYPES = YES;
				CLANG_WARN_SUSPICIOUS_MOVE = YES;
				CLANG_WARN_UNGUARDED_AVAILABILITY = YES_AGGRESSIVE;
				CLANG_WARN_UNREACHABLE_CODE = YES;
				CLANG_WARN__DUPLICATE_METHOD_MATCH = YES;
				CODE_SIGN_IDENTITY = "iPhone Developer";
				COPY_PHASE_STRIP = NO;
				CURRENT_PROJECT_VERSION = 1;
				DEBUG_INFORMATION_FORMAT = "dwarf-with-dsym";
				ENABLE_NS_ASSERTIONS = NO;
				ENABLE_STRICT_OBJC_MSGSEND = YES;
				GCC_C_LANGUAGE_STANDARD = gnu11;
				GCC_NO_COMMON_BLOCKS = YES;
				GCC_WARN_64_TO_32_BIT_CONVERSION = YES;
				GCC_WARN_ABOUT_RETURN_TYPE = YES_ERROR;
				GCC_WARN_UNDECLARED_SELECTOR = YES;
				GCC_WARN_UNINITIALIZED_AUTOS = YES_AGGRESSIVE;
				GCC_WARN_UNUSED_FUNCTION = YES;
				GCC_WARN_UNUSED_VARIABLE = YES;
				IPHONEOS_DEPLOYMENT_TARGET = 11.3;
				MTL_ENABLE_DEBUG_INFO = NO;
				SDKROOT = iphoneos;
				SWIFT_COMPILATION_MODE = wholemodule;
				SWIFT_OPTIMIZATION_LEVEL = "-O";
				VALIDATE_PRODUCT = YES;
				VERSIONING_SYSTEM = "apple-generic";
				VERSION_INFO_PREFIX = "";
			};
			name = Release;
		};
		9DF5AF5420C84AA4001AD9B7 /* Debug */ = {
			isa = XCBuildConfiguration;
			baseConfigurationReference = EF931678164705D965DE3AB0 /* Pods-Vision.debug.xcconfig */;
			buildSettings = {
				CLANG_ENABLE_MODULES = YES;
				CODE_SIGN_IDENTITY = "";
				CODE_SIGN_STYLE = Automatic;
				DEFINES_MODULE = YES;
				DEVELOPMENT_TEAM = AQUE4FE98B;
				DYLIB_COMPATIBILITY_VERSION = 1;
				DYLIB_CURRENT_VERSION = 1;
				DYLIB_INSTALL_NAME_BASE = "@rpath";
				INFOPLIST_FILE = Vision/Info.plist;
				INSTALL_PATH = "$(LOCAL_LIBRARY_DIR)/Frameworks";
				LD_RUNPATH_SEARCH_PATHS = (
					"$(inherited)",
					"@executable_path/Frameworks",
					"@loader_path/Frameworks",
				);
				PRODUCT_BUNDLE_IDENTIFIER = io.zheref.Vision;
				PRODUCT_NAME = "$(TARGET_NAME:c99extidentifier)";
				SKIP_INSTALL = YES;
				SWIFT_OPTIMIZATION_LEVEL = "-Onone";
				SWIFT_VERSION = 4.0;
				TARGETED_DEVICE_FAMILY = "1,2";
			};
			name = Debug;
		};
		9DF5AF5520C84AA4001AD9B7 /* Release */ = {
			isa = XCBuildConfiguration;
			baseConfigurationReference = 06CEAEC95D91A0141E14BC9D /* Pods-Vision.release.xcconfig */;
			buildSettings = {
				CLANG_ENABLE_MODULES = YES;
				CODE_SIGN_IDENTITY = "";
				CODE_SIGN_STYLE = Automatic;
				DEFINES_MODULE = YES;
				DEVELOPMENT_TEAM = AQUE4FE98B;
				DYLIB_COMPATIBILITY_VERSION = 1;
				DYLIB_CURRENT_VERSION = 1;
				DYLIB_INSTALL_NAME_BASE = "@rpath";
				INFOPLIST_FILE = Vision/Info.plist;
				INSTALL_PATH = "$(LOCAL_LIBRARY_DIR)/Frameworks";
				LD_RUNPATH_SEARCH_PATHS = (
					"$(inherited)",
					"@executable_path/Frameworks",
					"@loader_path/Frameworks",
				);
				PRODUCT_BUNDLE_IDENTIFIER = io.zheref.Vision;
				PRODUCT_NAME = "$(TARGET_NAME:c99extidentifier)";
				SKIP_INSTALL = YES;
				SWIFT_VERSION = 4.0;
				TARGETED_DEVICE_FAMILY = "1,2";
			};
			name = Release;
		};
		9DF5AF5720C84AA4001AD9B7 /* Debug */ = {
			isa = XCBuildConfiguration;
			baseConfigurationReference = AC83D2E66C39584A7489A039 /* Pods-VisionTests.debug.xcconfig */;
			buildSettings = {
				ALWAYS_EMBED_SWIFT_STANDARD_LIBRARIES = YES;
				CODE_SIGN_STYLE = Automatic;
				DEVELOPMENT_TEAM = AQUE4FE98B;
				INFOPLIST_FILE = VisionTests/Info.plist;
				LD_RUNPATH_SEARCH_PATHS = (
					"$(inherited)",
					"@executable_path/Frameworks",
					"@loader_path/Frameworks",
				);
				PRODUCT_BUNDLE_IDENTIFIER = io.zheref.VisionTests;
				PRODUCT_NAME = "$(TARGET_NAME)";
				SWIFT_VERSION = 4.0;
				TARGETED_DEVICE_FAMILY = "1,2";
			};
			name = Debug;
		};
		9DF5AF5820C84AA4001AD9B7 /* Release */ = {
			isa = XCBuildConfiguration;
			baseConfigurationReference = 7A8DDAE45AB7EF7BA3EC775B /* Pods-VisionTests.release.xcconfig */;
			buildSettings = {
				ALWAYS_EMBED_SWIFT_STANDARD_LIBRARIES = YES;
				CODE_SIGN_STYLE = Automatic;
				DEVELOPMENT_TEAM = AQUE4FE98B;
				INFOPLIST_FILE = VisionTests/Info.plist;
				LD_RUNPATH_SEARCH_PATHS = (
					"$(inherited)",
					"@executable_path/Frameworks",
					"@loader_path/Frameworks",
				);
				PRODUCT_BUNDLE_IDENTIFIER = io.zheref.VisionTests;
				PRODUCT_NAME = "$(TARGET_NAME)";
				SWIFT_VERSION = 4.0;
				TARGETED_DEVICE_FAMILY = "1,2";
			};
			name = Release;
		};
/* End XCBuildConfiguration section */

/* Begin XCConfigurationList section */
		9DF5AF3920C84AA3001AD9B7 /* Build configuration list for PBXProject "XVision" */ = {
			isa = XCConfigurationList;
			buildConfigurations = (
				9DF5AF5120C84AA4001AD9B7 /* Debug */,
				9DF5AF5220C84AA4001AD9B7 /* Release */,
			);
			defaultConfigurationIsVisible = 0;
			defaultConfigurationName = Release;
		};
		9DF5AF5320C84AA4001AD9B7 /* Build configuration list for PBXNativeTarget "XVision" */ = {
			isa = XCConfigurationList;
			buildConfigurations = (
				9DF5AF5420C84AA4001AD9B7 /* Debug */,
				9DF5AF5520C84AA4001AD9B7 /* Release */,
			);
			defaultConfigurationIsVisible = 0;
			defaultConfigurationName = Release;
		};
		9DF5AF5620C84AA4001AD9B7 /* Build configuration list for PBXNativeTarget "XVisionTests" */ = {
			isa = XCConfigurationList;
			buildConfigurations = (
				9DF5AF5720C84AA4001AD9B7 /* Debug */,
				9DF5AF5820C84AA4001AD9B7 /* Release */,
			);
			defaultConfigurationIsVisible = 0;
			defaultConfigurationName = Release;
		};
/* End XCConfigurationList section */
	};
	rootObject = 9DF5AF3620C84AA3001AD9B7 /* Project object */;
}
